
Microsoft Visual Studio Solution File, Format Version 12.00
# Visual Studio Version 17
VisualStudioVersion = 17.9.34723.18
MinimumVisualStudioVersion = 10.0.40219.1
Project("{9A19103F-16F7-4668-BE54-9A1E7A4F7556}") = "Drone academy", "Drone academy.csproj", "{F00223E6-723F-4C2F-986D-FB743175C90B}"
EndProject
Project("{FAE04EC0-301F-11D3-BF4B-00C04F79EFBC}") = "WebAPI", "..\WebAPI\WebAPI.csproj", "{934D16F6-0DC8-4C4A-B50D-8EBC5229480B}"
EndProject
Global
	GlobalSection(SolutionConfigurationPlatforms) = preSolution
		Debug|Any CPU = Debug|Any CPU
		Release|Any CPU = Release|Any CPU
	EndGlobalSection
	GlobalSection(ProjectConfigurationPlatforms) = postSolution
		{F00223E6-723F-4C2F-986D-FB743175C90B}.Debug|Any CPU.ActiveCfg = Debug|Any CPU
		{F00223E6-723F-4C2F-986D-FB743175C90B}.Debug|Any CPU.Build.0 = Debug|Any CPU
		{F00223E6-723F-4C2F-986D-FB743175C90B}.Release|Any CPU.ActiveCfg = Release|Any CPU
		{F00223E6-723F-4C2F-986D-FB743175C90B}.Release|Any CPU.Build.0 = Release|Any CPU
		{934D16F6-0DC8-4C4A-B50D-8EBC5229480B}.Debug|Any CPU.ActiveCfg = Debug|Any CPU
		{934D16F6-0DC8-4C4A-B50D-8EBC5229480B}.Debug|Any CPU.Build.0 = Debug|Any CPU
		{934D16F6-0DC8-4C4A-B50D-8EBC5229480B}.Release|Any CPU.ActiveCfg = Release|Any CPU
		{934D16F6-0DC8-4C4A-B50D-8EBC5229480B}.Release|Any CPU.Build.0 = Release|Any CPU
	EndGlobalSection
	GlobalSection(SolutionProperties) = preSolution
		HideSolutionNode = FALSE
	EndGlobalSection
	GlobalSection(ExtensibilityGlobals) = postSolution
		SolutionGuid = {43DEDB0F-2750-4AA4-8864-88621178CE29}
	EndGlobalSection
EndGlobal
